
Microsoft Visual Studio Solution File, Format Version 12.00
# Visual Studio 15
VisualStudioVersion = 15.0.28307.852
MinimumVisualStudioVersion = 10.0.40219.1
Project("{FAE04EC0-301F-11D3-BF4B-00C04F79EFBC}") = "Franthesk", "Franthesk\Franthesk.csproj", "{FDBABDAB-E4D8-4D9F-99B3-303BACADFC1B}"
EndProject
Global
	GlobalSection(SolutionConfigurationPlatforms) = preSolution
		Debug|Any CPU = Debug|Any CPU
		Release|Any CPU = Release|Any CPU
	EndGlobalSection
	GlobalSection(ProjectConfigurationPlatforms) = postSolution
		{FDBABDAB-E4D8-4D9F-99B3-303BACADFC1B}.Debug|Any CPU.ActiveCfg = Debug|Any CPU
		{FDBABDAB-E4D8-4D9F-99B3-303BACADFC1B}.Debug|Any CPU.Build.0 = Debug|Any CPU
		{FDBABDAB-E4D8-4D9F-99B3-303BACADFC1B}.Release|Any CPU.ActiveCfg = Release|Any CPU
		{FDBABDAB-E4D8-4D9F-99B3-303BACADFC1B}.Release|Any CPU.Build.0 = Release|Any CPU
	EndGlobalSection
	GlobalSection(SolutionProperties) = preSolution
		HideSolutionNode = FALSE
	EndGlobalSection
	GlobalSection(ExtensibilityGlobals) = postSolution
		SolutionGuid = {8ABBD52F-FD6E-479F-8B82-723716D59ED8}
	EndGlobalSection
EndGlobal
